Microsoft Visual Studio Solution File, Format Version 12.00
# Visual Studio Version 17
VisualStudioVersion = 17.5.2.0
MinimumVisualStudioVersion = 10.0.40219.1
Project("{FAE04EC0-301F-11D3-BF4B-00C04F79EFBC}") = "apitop", "apitop\apitop.csproj", "{AF4A4EB0-C0EA-D141-7EBB-63612C022334}"
EndProject
Global
	GlobalSection(SolutionConfigurationPlatforms) = preSolution
		Debug|Any CPU = Debug|Any CPU
		Release|Any CPU = Release|Any CPU
	EndGlobalSection
	GlobalSection(ProjectConfigurationPlatforms) = postSolution
		{AF4A4EB0-C0EA-D141-7EBB-63612C022334}.Debug|Any CPU.ActiveCfg = Debug|Any CPU
		{AF4A4EB0-C0EA-D141-7EBB-63612C022334}.Debug|Any CPU.Build.0 = Debug|Any CPU
		{AF4A4EB0-C0EA-D141-7EBB-63612C022334}.Release|Any CPU.ActiveCfg = Release|Any CPU
		{AF4A4EB0-C0EA-D141-7EBB-63612C022334}.Release|Any CPU.Build.0 = Release|Any CPU
	EndGlobalSection
	GlobalSection(SolutionProperties) = preSolution
		HideSolutionNode = FALSE
	EndGlobalSection
	GlobalSection(ExtensibilityGlobals) = postSolution
		SolutionGuid = {D8BA8AA4-B69F-4483-B3D1-B8458307E41A}
	EndGlobalSection
EndGlobal
