Microsoft Visual Studio Solution File, Format Version 12.00
# Visual Studio Version 17
VisualStudioVersion = 17.5.2.0
MinimumVisualStudioVersion = 10.0.40219.1
Project("{FAE04EC0-301F-11D3-BF4B-00C04F79EFBC}") = "bibliotecaPositivo", "bibliotecaPositivo.csproj", "{8C0BFCCC-3068-ABAC-A942-D0FFADDCE8DF}"
EndProject
Global
	GlobalSection(SolutionConfigurationPlatforms) = preSolution
		Debug|Any CPU = Debug|Any CPU
		Release|Any CPU = Release|Any CPU
	EndGlobalSection
	GlobalSection(ProjectConfigurationPlatforms) = postSolution
		{8C0BFCCC-3068-ABAC-A942-D0FFADDCE8DF}.Debug|Any CPU.ActiveCfg = Debug|Any CPU
		{8C0BFCCC-3068-ABAC-A942-D0FFADDCE8DF}.Debug|Any CPU.Build.0 = Debug|Any CPU
		{8C0BFCCC-3068-ABAC-A942-D0FFADDCE8DF}.Release|Any CPU.ActiveCfg = Release|Any CPU
		{8C0BFCCC-3068-ABAC-A942-D0FFADDCE8DF}.Release|Any CPU.Build.0 = Release|Any CPU
	EndGlobalSection
	GlobalSection(SolutionProperties) = preSolution
		HideSolutionNode = FALSE
	EndGlobalSection
	GlobalSection(ExtensibilityGlobals) = postSolution
		SolutionGuid = {F39899E2-A6EC-4798-8C04-B0F242E6419F}
	EndGlobalSection
EndGlobal
